
Microsoft Visual Studio Solution File, Format Version 12.00
# Visual Studio 15
VisualStudioVersion = 15.0.28010.2026
MinimumVisualStudioVersion = 10.0.40219.1
Project("{FAE04EC0-301F-11D3-BF4B-00C04F79EFBC}") = "Week10Sprint1", "Week10Sprint1.csproj", "{35DE4D62-2FC6-4E5D-9A9C-EC0D112CAE38}"
EndProject
Global
	GlobalSection(SolutionConfigurationPlatforms) = preSolution
		Debug|Any CPU = Debug|Any CPU
		Release|Any CPU = Release|Any CPU
	EndGlobalSection
	GlobalSection(ProjectConfigurationPlatforms) = postSolution
		{35DE4D62-2FC6-4E5D-9A9C-EC0D112CAE38}.Debug|Any CPU.ActiveCfg = Debug|Any CPU
		{35DE4D62-2FC6-4E5D-9A9C-EC0D112CAE38}.Debug|Any CPU.Build.0 = Debug|Any CPU
		{35DE4D62-2FC6-4E5D-9A9C-EC0D112CAE38}.Release|Any CPU.ActiveCfg = Release|Any CPU
		{35DE4D62-2FC6-4E5D-9A9C-EC0D112CAE38}.Release|Any CPU.Build.0 = Release|Any CPU
	EndGlobalSection
	GlobalSection(SolutionProperties) = preSolution
		HideSolutionNode = FALSE
	EndGlobalSection
	GlobalSection(ExtensibilityGlobals) = postSolution
		SolutionGuid = {84E3D051-E3FB-4B52-B8D0-F4B8D3570A2C}
	EndGlobalSection
EndGlobal
