
Microsoft Visual Studio Solution File, Format Version 12.00
# Visual Studio 15
VisualStudioVersion = 15.0.28010.2026
MinimumVisualStudioVersion = 10.0.40219.1
Project("{FAE04EC0-301F-11D3-BF4B-00C04F79EFBC}") = "Week5Exercise1", "Week5Exercise1.csproj", "{BCA907F8-0188-4F58-9F2F-B44687EDE4EC}"
EndProject
Global
	GlobalSection(SolutionConfigurationPlatforms) = preSolution
		Debug|Any CPU = Debug|Any CPU
		Release|Any CPU = Release|Any CPU
	EndGlobalSection
	GlobalSection(ProjectConfigurationPlatforms) = postSolution
		{BCA907F8-0188-4F58-9F2F-B44687EDE4EC}.Debug|Any CPU.ActiveCfg = Debug|Any CPU
		{BCA907F8-0188-4F58-9F2F-B44687EDE4EC}.Debug|Any CPU.Build.0 = Debug|Any CPU
		{BCA907F8-0188-4F58-9F2F-B44687EDE4EC}.Release|Any CPU.ActiveCfg = Release|Any CPU
		{BCA907F8-0188-4F58-9F2F-B44687EDE4EC}.Release|Any CPU.Build.0 = Release|Any CPU
	EndGlobalSection
	GlobalSection(SolutionProperties) = preSolution
		HideSolutionNode = FALSE
	EndGlobalSection
	GlobalSection(ExtensibilityGlobals) = postSolution
		SolutionGuid = {64837850-D9B5-408D-A52E-0A36642D2121}
	EndGlobalSection
EndGlobal
