
Microsoft Visual Studio Solution File, Format Version 12.00
# Visual Studio Version 16
VisualStudioVersion = 16.0.29306.81
MinimumVisualStudioVersion = 10.0.40219.1
Project("{FAE04EC0-301F-11D3-BF4B-00C04F79EFBC}") = "Week9Sprint2", "Week9Sprint2\Week9Sprint2.csproj", "{D54841B6-93A5-4EE7-9C11-388A5B1A81E1}"
EndProject
Global
	GlobalSection(SolutionConfigurationPlatforms) = preSolution
		Debug|Any CPU = Debug|Any CPU
		Release|Any CPU = Release|Any CPU
	EndGlobalSection
	GlobalSection(ProjectConfigurationPlatforms) = postSolution
		{D54841B6-93A5-4EE7-9C11-388A5B1A81E1}.Debug|Any CPU.ActiveCfg = Debug|Any CPU
		{D54841B6-93A5-4EE7-9C11-388A5B1A81E1}.Debug|Any CPU.Build.0 = Debug|Any CPU
		{D54841B6-93A5-4EE7-9C11-388A5B1A81E1}.Release|Any CPU.ActiveCfg = Release|Any CPU
		{D54841B6-93A5-4EE7-9C11-388A5B1A81E1}.Release|Any CPU.Build.0 = Release|Any CPU
	EndGlobalSection
	GlobalSection(SolutionProperties) = preSolution
		HideSolutionNode = FALSE
	EndGlobalSection
	GlobalSection(ExtensibilityGlobals) = postSolution
		SolutionGuid = {160E1E6A-91A7-4B23-9DC1-8244A4AAA5F6}
	EndGlobalSection
EndGlobal
