
Microsoft Visual Studio Solution File, Format Version 12.00
# Visual Studio 15
VisualStudioVersion = 15.0.28010.2026
MinimumVisualStudioVersion = 10.0.40219.1
Project("{FAE04EC0-301F-11D3-BF4B-00C04F79EFBC}") = "Week7Demo2", "Week7Demo2.csproj", "{754B2BCD-2255-4C02-A0C0-F09DB9F6DCCB}"
EndProject
Global
	GlobalSection(SolutionConfigurationPlatforms) = preSolution
		Debug|Any CPU = Debug|Any CPU
		Release|Any CPU = Release|Any CPU
	EndGlobalSection
	GlobalSection(ProjectConfigurationPlatforms) = postSolution
		{754B2BCD-2255-4C02-A0C0-F09DB9F6DCCB}.Debug|Any CPU.ActiveCfg = Debug|Any CPU
		{754B2BCD-2255-4C02-A0C0-F09DB9F6DCCB}.Debug|Any CPU.Build.0 = Debug|Any CPU
		{754B2BCD-2255-4C02-A0C0-F09DB9F6DCCB}.Release|Any CPU.ActiveCfg = Release|Any CPU
		{754B2BCD-2255-4C02-A0C0-F09DB9F6DCCB}.Release|Any CPU.Build.0 = Release|Any CPU
	EndGlobalSection
	GlobalSection(SolutionProperties) = preSolution
		HideSolutionNode = FALSE
	EndGlobalSection
	GlobalSection(ExtensibilityGlobals) = postSolution
		SolutionGuid = {6246876A-EA77-4C77-A476-5F840CA861E2}
	EndGlobalSection
EndGlobal
