
Microsoft Visual Studio Solution File, Format Version 12.00
# Visual Studio Version 16
VisualStudioVersion = 16.0.29306.81
MinimumVisualStudioVersion = 10.0.40219.1
Project("{FAE04EC0-301F-11D3-BF4B-00C04F79EFBC}") = "Week9Sprint1", "Week9Sprint1\Week9Sprint1.csproj", "{628DE8C9-A5C1-4857-A7FC-CBE7119C3A9F}"
EndProject
Global
	GlobalSection(SolutionConfigurationPlatforms) = preSolution
		Debug|Any CPU = Debug|Any CPU
		Release|Any CPU = Release|Any CPU
	EndGlobalSection
	GlobalSection(ProjectConfigurationPlatforms) = postSolution
		{628DE8C9-A5C1-4857-A7FC-CBE7119C3A9F}.Debug|Any CPU.ActiveCfg = Debug|Any CPU
		{628DE8C9-A5C1-4857-A7FC-CBE7119C3A9F}.Debug|Any CPU.Build.0 = Debug|Any CPU
		{628DE8C9-A5C1-4857-A7FC-CBE7119C3A9F}.Release|Any CPU.ActiveCfg = Release|Any CPU
		{628DE8C9-A5C1-4857-A7FC-CBE7119C3A9F}.Release|Any CPU.Build.0 = Release|Any CPU
	EndGlobalSection
	GlobalSection(SolutionProperties) = preSolution
		HideSolutionNode = FALSE
	EndGlobalSection
	GlobalSection(ExtensibilityGlobals) = postSolution
		SolutionGuid = {0D07CFE9-495A-4D3D-9EFA-D600D98B5BCC}
	EndGlobalSection
EndGlobal
