
Microsoft Visual Studio Solution File, Format Version 12.00
# Visual Studio Version 16
VisualStudioVersion = 16.0.29306.81
MinimumVisualStudioVersion = 10.0.40219.1
Project("{FAE04EC0-301F-11D3-BF4B-00C04F79EFBC}") = "Week9Sprint3", "Week9Sprint3\Week9Sprint3.csproj", "{EAC56B2E-8072-4A71-A248-40EA9810895D}"
EndProject
Global
	GlobalSection(SolutionConfigurationPlatforms) = preSolution
		Debug|Any CPU = Debug|Any CPU
		Release|Any CPU = Release|Any CPU
	EndGlobalSection
	GlobalSection(ProjectConfigurationPlatforms) = postSolution
		{EAC56B2E-8072-4A71-A248-40EA9810895D}.Debug|Any CPU.ActiveCfg = Debug|Any CPU
		{EAC56B2E-8072-4A71-A248-40EA9810895D}.Debug|Any CPU.Build.0 = Debug|Any CPU
		{EAC56B2E-8072-4A71-A248-40EA9810895D}.Release|Any CPU.ActiveCfg = Release|Any CPU
		{EAC56B2E-8072-4A71-A248-40EA9810895D}.Release|Any CPU.Build.0 = Release|Any CPU
	EndGlobalSection
	GlobalSection(SolutionProperties) = preSolution
		HideSolutionNode = FALSE
	EndGlobalSection
	GlobalSection(ExtensibilityGlobals) = postSolution
		SolutionGuid = {A724E575-9709-4DBF-A6AC-1B15D5FF0A16}
	EndGlobalSection
EndGlobal
