
Microsoft Visual Studio Solution File, Format Version 12.00
# Visual Studio 15
VisualStudioVersion = 15.0.28010.2026
MinimumVisualStudioVersion = 10.0.40219.1
Project("{FAE04EC0-301F-11D3-BF4B-00C04F79EFBC}") = "Week7Demo3", "Week7Demo3.csproj", "{1E22A897-8706-435D-AF90-5F417967226F}"
EndProject
Global
	GlobalSection(SolutionConfigurationPlatforms) = preSolution
		Debug|Any CPU = Debug|Any CPU
		Release|Any CPU = Release|Any CPU
	EndGlobalSection
	GlobalSection(ProjectConfigurationPlatforms) = postSolution
		{1E22A897-8706-435D-AF90-5F417967226F}.Debug|Any CPU.ActiveCfg = Debug|Any CPU
		{1E22A897-8706-435D-AF90-5F417967226F}.Debug|Any CPU.Build.0 = Debug|Any CPU
		{1E22A897-8706-435D-AF90-5F417967226F}.Release|Any CPU.ActiveCfg = Release|Any CPU
		{1E22A897-8706-435D-AF90-5F417967226F}.Release|Any CPU.Build.0 = Release|Any CPU
	EndGlobalSection
	GlobalSection(SolutionProperties) = preSolution
		HideSolutionNode = FALSE
	EndGlobalSection
	GlobalSection(ExtensibilityGlobals) = postSolution
		SolutionGuid = {ED0C1079-82C9-4E1C-9215-55C1D77AB77B}
	EndGlobalSection
EndGlobal
